{
  "originHash" : "b3ca65111964e989013de6bcba3e415e9298e615efc2a315add63300e365fd2b",
  "pins" : [
    {
      "identity" : "cmdarglibcore",
      "kind" : "remoteSourceControl",
      "location" : "https://github.com/ouser4629/CmdArgLibCore.git",
      "state" : {
        "branch" : "main",
        "revision" : "41512eecae9fcf809c2436244a8ac99d456434ec"
      }
    }
  ],
  "version" : 3
}
