{
  "originHash" : "b3ca65111964e989013de6bcba3e415e9298e615efc2a315add63300e365fd2b",
  "pins" : [
    {
      "identity" : "cmdarglibcore",
      "kind" : "remoteSourceControl",
      "location" : "https://github.com/ouser4629/CmdArgLibCore.git",
      "state" : {
        "branch" : "main",
        "revision" : "4cf3878d78e8f9ad2a62704d3535dd47cf3166d3"
      }
    }
  ],
  "version" : 3
}
